dependencies:
- name: insight-gateway
  repository: file://../../src/backend/services/gateway/helm
  version: 0.1.0
- name: insight-authenticator
  repository: file://../../src/backend/services/authenticator/helm
  version: 0.1.0
- name: insight-keycloak
  repository: file://../../src/backend/services/keycloak/helm
  version: 0.1.0
- name: insight-analytics
  repository: file://../../src/backend/services/analytics/helm
  version: 0.3.0
- name: insight-v3-core
  repository: file://../../src/backend/services/insight-v3-core/helm
  version: 0.1.0
- name: insight-identity-resolution
  repository: file://../../src/backend/services/identity-resolution/helm
  version: 0.2.0
- name: insight-previews
  repository: file://../../src/backend/services/previews/helm
  version: 0.1.0
- name: insight-git-cli-proxy
  repository: file://../../src/backend/services/git-cli-proxy/helm
  version: 0.1.0
- name: insight-frontend
  repository: file://../../src/frontend/helm
  version: 0.1.0
digest: sha256:d8f98f3fa74d0f44a54b69977b7412a941fd601c42010920ef6ce170ccdec025
generated: "2026-09-07T14:45:22.486963+08:00"
